
Microsoft Visual Studio Solution File, Format Version 12.00
# Visual Studio Version 16
VisualStudioVersion = 16.0.30621.155
MinimumVisualStudioVersion = 10.0.40219.1
Project("{FAE04EC0-301F-11D3-BF4B-00C04F79EFBC}") = "PolishNotation", "PolishNotation\PolishNotation.csproj", "{BA27FE06-864F-4517-B793-1573BFD769C8}"
EndProject
Global
	GlobalSection(SolutionConfigurationPlatforms) = preSolution
		Debug|Any CPU = Debug|Any CPU
		Release|Any CPU = Release|Any CPU
	EndGlobalSection
	GlobalSection(ProjectConfigurationPlatforms) = postSolution
		{BA27FE06-864F-4517-B793-1573BFD769C8}.Debug|Any CPU.ActiveCfg = Debug|Any CPU
		{BA27FE06-864F-4517-B793-1573BFD769C8}.Debug|Any CPU.Build.0 = Debug|Any CPU
		{BA27FE06-864F-4517-B793-1573BFD769C8}.Release|Any CPU.ActiveCfg = Release|Any CPU
		{BA27FE06-864F-4517-B793-1573BFD769C8}.Release|Any CPU.Build.0 = Release|Any CPU
	EndGlobalSection
	GlobalSection(SolutionProperties) = preSolution
		HideSolutionNode = FALSE
	EndGlobalSection
	GlobalSection(ExtensibilityGlobals) = postSolution
		SolutionGuid = {63404A40-2825-4AC9-9C21-DB5186720E50}
	EndGlobalSection
EndGlobal
